
Microsoft Visual Studio Solution File, Format Version 12.00
# Visual Studio Version 17
VisualStudioVersion = 17.3.32929.385
MinimumVisualStudioVersion = 10.0.40219.1
Project("{FAE04EC0-301F-11D3-BF4B-00C04F79EFBC}") = "DemoWEB_Sem10", "DemoWEB_Sem10\DemoWEB_Sem10.csproj", "{F91F3647-5287-4504-8EE9-6F359B1954C3}"
EndProject
Global
	GlobalSection(SolutionConfigurationPlatforms) = preSolution
		Debug|Any CPU = Debug|Any CPU
		Release|Any CPU = Release|Any CPU
	EndGlobalSection
	GlobalSection(ProjectConfigurationPlatforms) = postSolution
		{F91F3647-5287-4504-8EE9-6F359B1954C3}.Debug|Any CPU.ActiveCfg = Debug|Any CPU
		{F91F3647-5287-4504-8EE9-6F359B1954C3}.Debug|Any CPU.Build.0 = Debug|Any CPU
		{F91F3647-5287-4504-8EE9-6F359B1954C3}.Release|Any CPU.ActiveCfg = Release|Any CPU
		{F91F3647-5287-4504-8EE9-6F359B1954C3}.Release|Any CPU.Build.0 = Release|Any CPU
	EndGlobalSection
	GlobalSection(SolutionProperties) = preSolution
		HideSolutionNode = FALSE
	EndGlobalSection
	GlobalSection(ExtensibilityGlobals) = postSolution
		SolutionGuid = {111F875C-0D08-494A-A93D-41F7603B3339}
	EndGlobalSection
EndGlobal
