
Microsoft Visual Studio Solution File, Format Version 12.00
# Visual Studio Version 17
VisualStudioVersion = 17.3.32929.385
MinimumVisualStudioVersion = 10.0.40219.1
Project("{FAE04EC0-301F-11D3-BF4B-00C04F79EFBC}") = "DemoWEB_Sem09", "DemoWEB_Sem09\DemoWEB_Sem09.csproj", "{5F377151-44E4-43E8-8CEB-DC5E21DC64DC}"
EndProject
Global
	GlobalSection(SolutionConfigurationPlatforms) = preSolution
		Debug|Any CPU = Debug|Any CPU
		Release|Any CPU = Release|Any CPU
	EndGlobalSection
	GlobalSection(ProjectConfigurationPlatforms) = postSolution
		{5F377151-44E4-43E8-8CEB-DC5E21DC64DC}.Debug|Any CPU.ActiveCfg = Debug|Any CPU
		{5F377151-44E4-43E8-8CEB-DC5E21DC64DC}.Debug|Any CPU.Build.0 = Debug|Any CPU
		{5F377151-44E4-43E8-8CEB-DC5E21DC64DC}.Release|Any CPU.ActiveCfg = Release|Any CPU
		{5F377151-44E4-43E8-8CEB-DC5E21DC64DC}.Release|Any CPU.Build.0 = Release|Any CPU
	EndGlobalSection
	GlobalSection(SolutionProperties) = preSolution
		HideSolutionNode = FALSE
	EndGlobalSection
	GlobalSection(ExtensibilityGlobals) = postSolution
		SolutionGuid = {A735DB69-6720-4D7D-B567-B4724D41733F}
	EndGlobalSection
EndGlobal
