
Microsoft Visual Studio Solution File, Format Version 12.00
# Visual Studio Version 17
VisualStudioVersion = 17.3.32929.385
MinimumVisualStudioVersion = 10.0.40219.1
Project("{FAE04EC0-301F-11D3-BF4B-00C04F79EFBC}") = "DemoWEB_AJAX", "DemoWEB_AJAX\DemoWEB_AJAX.csproj", "{D6491CD8-CB9E-4AB4-840E-D406A4DF89DF}"
EndProject
Global
	GlobalSection(SolutionConfigurationPlatforms) = preSolution
		Debug|Any CPU = Debug|Any CPU
		Release|Any CPU = Release|Any CPU
	EndGlobalSection
	GlobalSection(ProjectConfigurationPlatforms) = postSolution
		{D6491CD8-CB9E-4AB4-840E-D406A4DF89DF}.Debug|Any CPU.ActiveCfg = Debug|Any CPU
		{D6491CD8-CB9E-4AB4-840E-D406A4DF89DF}.Debug|Any CPU.Build.0 = Debug|Any CPU
		{D6491CD8-CB9E-4AB4-840E-D406A4DF89DF}.Release|Any CPU.ActiveCfg = Release|Any CPU
		{D6491CD8-CB9E-4AB4-840E-D406A4DF89DF}.Release|Any CPU.Build.0 = Release|Any CPU
	EndGlobalSection
	GlobalSection(SolutionProperties) = preSolution
		HideSolutionNode = FALSE
	EndGlobalSection
	GlobalSection(ExtensibilityGlobals) = postSolution
		SolutionGuid = {04E8C6D4-FABD-4D32-8BA4-9FD05A453A4D}
	EndGlobalSection
EndGlobal
