
Microsoft Visual Studio Solution File, Format Version 12.00
# Visual Studio Version 17
VisualStudioVersion = 17.3.32825.248
MinimumVisualStudioVersion = 10.0.40219.1
Project("{FAE04EC0-301F-11D3-BF4B-00C04F79EFBC}") = "ProyGestionDoc_BE", "ProyGestionDoc_BE\ProyGestionDoc_BE.csproj", "{182E1BC2-8D5D-4149-A78A-E617B81BDC66}"
EndProject
Project("{FAE04EC0-301F-11D3-BF4B-00C04F79EFBC}") = "ProyGestionDoc_ADO", "ProyGestionDoc_ADO\ProyGestionDoc_ADO.csproj", "{FA4DD7B3-8135-48C6-AA8D-9BA42FA15630}"
EndProject
Project("{FAE04EC0-301F-11D3-BF4B-00C04F79EFBC}") = "ProyGestionDoc_BL", "ProyGestionDoc_BL\ProyGestionDoc_BL.csproj", "{743E119D-44D8-4FD5-A3BF-9EF12217B44B}"
EndProject
Project("{FAE04EC0-301F-11D3-BF4B-00C04F79EFBC}") = "ProyGestionDoc_GUI", "ProyGestionDoc_GUI\ProyGestionDoc_GUI.csproj", "{B2EBBD54-F7FE-4B8D-80FF-DA38A3AED227}"
EndProject
Global
	GlobalSection(SolutionConfigurationPlatforms) = preSolution
		Debug|Any CPU = Debug|Any CPU
		Release|Any CPU = Release|Any CPU
	EndGlobalSection
	GlobalSection(ProjectConfigurationPlatforms) = postSolution
		{182E1BC2-8D5D-4149-A78A-E617B81BDC66}.Debug|Any CPU.ActiveCfg = Debug|Any CPU
		{182E1BC2-8D5D-4149-A78A-E617B81BDC66}.Debug|Any CPU.Build.0 = Debug|Any CPU
		{182E1BC2-8D5D-4149-A78A-E617B81BDC66}.Release|Any CPU.ActiveCfg = Release|Any CPU
		{182E1BC2-8D5D-4149-A78A-E617B81BDC66}.Release|Any CPU.Build.0 = Release|Any CPU
		{FA4DD7B3-8135-48C6-AA8D-9BA42FA15630}.Debug|Any CPU.ActiveCfg = Debug|Any CPU
		{FA4DD7B3-8135-48C6-AA8D-9BA42FA15630}.Debug|Any CPU.Build.0 = Debug|Any CPU
		{FA4DD7B3-8135-48C6-AA8D-9BA42FA15630}.Release|Any CPU.ActiveCfg = Release|Any CPU
		{FA4DD7B3-8135-48C6-AA8D-9BA42FA15630}.Release|Any CPU.Build.0 = Release|Any CPU
		{743E119D-44D8-4FD5-A3BF-9EF12217B44B}.Debug|Any CPU.ActiveCfg = Debug|Any CPU
		{743E119D-44D8-4FD5-A3BF-9EF12217B44B}.Debug|Any CPU.Build.0 = Debug|Any CPU
		{743E119D-44D8-4FD5-A3BF-9EF12217B44B}.Release|Any CPU.ActiveCfg = Release|Any CPU
		{743E119D-44D8-4FD5-A3BF-9EF12217B44B}.Release|Any CPU.Build.0 = Release|Any CPU
		{B2EBBD54-F7FE-4B8D-80FF-DA38A3AED227}.Debug|Any CPU.ActiveCfg = Debug|Any CPU
		{B2EBBD54-F7FE-4B8D-80FF-DA38A3AED227}.Debug|Any CPU.Build.0 = Debug|Any CPU
		{B2EBBD54-F7FE-4B8D-80FF-DA38A3AED227}.Release|Any CPU.ActiveCfg = Release|Any CPU
		{B2EBBD54-F7FE-4B8D-80FF-DA38A3AED227}.Release|Any CPU.Build.0 = Release|Any CPU
	EndGlobalSection
	GlobalSection(SolutionProperties) = preSolution
		HideSolutionNode = FALSE
	EndGlobalSection
	GlobalSection(ExtensibilityGlobals) = postSolution
		SolutionGuid = {7A054C44-AE47-4B65-8FE7-68B995F374C3}
	EndGlobalSection
EndGlobal
