
Microsoft Visual Studio Solution File, Format Version 12.00
# Visual Studio Version 17
VisualStudioVersion = 17.3.32825.248
MinimumVisualStudioVersion = 10.0.40219.1
Project("{FAE04EC0-301F-11D3-BF4B-00C04F79EFBC}") = "ProyVentas_BE", "ProyVentas_BE\ProyVentas_BE.csproj", "{639E58A8-2599-41B0-A6FA-EC29B880ADE6}"
EndProject
Project("{FAE04EC0-301F-11D3-BF4B-00C04F79EFBC}") = "ProyVentas_ADO", "ProyVentas_ADO\ProyVentas_ADO.csproj", "{6F5139C9-65D1-4CE0-A141-0E217D485A91}"
EndProject
Project("{FAE04EC0-301F-11D3-BF4B-00C04F79EFBC}") = "ProyVentas_BL", "ProyVentas_BL\ProyVentas_BL.csproj", "{5FD1B71C-4E8A-42F1-917B-699205A795C8}"
EndProject
Project("{FAE04EC0-301F-11D3-BF4B-00C04F79EFBC}") = "ProyVentas_GUI", "ProyVentas_GUI\ProyVentas_GUI.csproj", "{46B397A5-B4FC-4FD8-BC89-219849019964}"
EndProject
Global
	GlobalSection(SolutionConfigurationPlatforms) = preSolution
		Debug|Any CPU = Debug|Any CPU
		Release|Any CPU = Release|Any CPU
	EndGlobalSection
	GlobalSection(ProjectConfigurationPlatforms) = postSolution
		{639E58A8-2599-41B0-A6FA-EC29B880ADE6}.Debug|Any CPU.ActiveCfg = Debug|Any CPU
		{639E58A8-2599-41B0-A6FA-EC29B880ADE6}.Debug|Any CPU.Build.0 = Debug|Any CPU
		{639E58A8-2599-41B0-A6FA-EC29B880ADE6}.Release|Any CPU.ActiveCfg = Release|Any CPU
		{639E58A8-2599-41B0-A6FA-EC29B880ADE6}.Release|Any CPU.Build.0 = Release|Any CPU
		{6F5139C9-65D1-4CE0-A141-0E217D485A91}.Debug|Any CPU.ActiveCfg = Debug|Any CPU
		{6F5139C9-65D1-4CE0-A141-0E217D485A91}.Debug|Any CPU.Build.0 = Debug|Any CPU
		{6F5139C9-65D1-4CE0-A141-0E217D485A91}.Release|Any CPU.ActiveCfg = Release|Any CPU
		{6F5139C9-65D1-4CE0-A141-0E217D485A91}.Release|Any CPU.Build.0 = Release|Any CPU
		{5FD1B71C-4E8A-42F1-917B-699205A795C8}.Debug|Any CPU.ActiveCfg = Debug|Any CPU
		{5FD1B71C-4E8A-42F1-917B-699205A795C8}.Debug|Any CPU.Build.0 = Debug|Any CPU
		{5FD1B71C-4E8A-42F1-917B-699205A795C8}.Release|Any CPU.ActiveCfg = Release|Any CPU
		{5FD1B71C-4E8A-42F1-917B-699205A795C8}.Release|Any CPU.Build.0 = Release|Any CPU
		{46B397A5-B4FC-4FD8-BC89-219849019964}.Debug|Any CPU.ActiveCfg = Debug|Any CPU
		{46B397A5-B4FC-4FD8-BC89-219849019964}.Debug|Any CPU.Build.0 = Debug|Any CPU
		{46B397A5-B4FC-4FD8-BC89-219849019964}.Release|Any CPU.ActiveCfg = Release|Any CPU
		{46B397A5-B4FC-4FD8-BC89-219849019964}.Release|Any CPU.Build.0 = Release|Any CPU
	EndGlobalSection
	GlobalSection(SolutionProperties) = preSolution
		HideSolutionNode = FALSE
	EndGlobalSection
	GlobalSection(ExtensibilityGlobals) = postSolution
		SolutionGuid = {753B1F1C-C567-4E3F-8030-2B3E167AC8F3}
	EndGlobalSection
EndGlobal
